Microsoft Visual Studio Solution File, Format Version 12.00
# Visual Studio 15
VisualStudioVersion = 15.0.27004.2006
MinimumVisualStudioVersion = 10.0.40219.1
Project("{9A19103F-16F7-4668-BE54-9A1E7A4F7556}") = "Microsoft.Azure.Batch.SoftwareEntitlement.Common", "src\Microsoft.Azure.Batch.SoftwareEntitlement.Common\Microsoft.Azure.Batch.SoftwareEntitlement.Common.csproj", "{25F52B32-4B11-428B-8191-0539280AE99F}"
EndProject
Project("{9A19103F-16F7-4668-BE54-9A1E7A4F7556}") = "Microsoft.Azure.Batch.SoftwareEntitlement.Common.Tests", "tests\Microsoft.Azure.Batch.SoftwareEntitlement.Common.Tests\Microsoft.Azure.Batch.SoftwareEntitlement.Common.Tests.csproj", "{839CDB41-9FA1-4CA4-B421-7464EAFBA68F}"
EndProject
Project("{9A19103F-16F7-4668-BE54-9A1E7A4F7556}") = "Microsoft.Azure.Batch.SoftwareEntitlement.Server", "src\Microsoft.Azure.Batch.SoftwareEntitlement.Server\Microsoft.Azure.Batch.SoftwareEntitlement.Server.csproj", "{515AB583-E42F-4CB0-A0C2-DD4064FE6C55}"
EndProject
Project("{9A19103F-16F7-4668-BE54-9A1E7A4F7556}") = "Microsoft.Azure.Batch.SoftwareEntitlement", "src\Microsoft.Azure.Batch.SoftwareEntitlement\Microsoft.Azure.Batch.SoftwareEntitlement.csproj", "{69A48518-7C10-4523-9B40-A43E329CA24F}"
EndProject
Project("{9A19103F-16F7-4668-BE54-9A1E7A4F7556}") = "Microsoft.Azure.Batch.SoftwareEntitlement.Tests", "tests\Microsoft.Azure.Batch.SoftwareEntitlement.Tests\Microsoft.Azure.Batch.SoftwareEntitlement.Tests.csproj", "{BD817C57-CF5A-4706-B6C9-F419A366EE61}"
EndProject
Project("{2150E333-8FDC-42A3-9474-1A3956D46DE8}") = "Solution Items", "Solution Items", "{911185B0-089A-4FBA-BC82-3161918307A5}"
	ProjectSection(SolutionItems) = preProject
		Directory.build.props = Directory.build.props
		sesclient.ps1 = sesclient.ps1
		sestest.cmd = sestest.cmd
		sestest.ps1 = sestest.ps1
		sestest.sh = sestest.sh
	EndProjectSection
EndProject
Project("{9A19103F-16F7-4668-BE54-9A1E7A4F7556}") = "sestest", "src\sestest\sestest.csproj", "{8CAE3A3B-DEB1-4042-8444-80369FAB20E8}"
EndProject
Project("{8BC9CEB8-8B4A-11D0-8D11-00A0C91BC942}") = "Microsoft.Azure.Batch.SoftwareEntitlement.Client.Native", "src\Microsoft.Azure.Batch.SoftwareEntitlement.Client.Native\Microsoft.Azure.Batch.SoftwareEntitlement.Client.Native.vcxproj", "{6ACCAD67-C207-4370-B39A-63651223A21C}"
EndProject
Project("{8BC9CEB8-8B4A-11D0-8D11-00A0C91BC942}") = "sesclient.native", "src\sesclient.native\sesclient.native.vcxproj", "{DA18B560-4FCD-4C16-9E37-3715EB19C2CE}"
	ProjectSection(ProjectDependencies) = postProject
		{6ACCAD67-C207-4370-B39A-63651223A21C} = {6ACCAD67-C207-4370-B39A-63651223A21C}
	EndProjectSection
EndProject
Project("{FAE04EC0-301F-11D3-BF4B-00C04F79EFBC}") = "sestest.Tests", "tests\sestest.Tests\sestest.Tests.csproj", "{45ABCC13-E804-4785-A11E-56F083158AB5}"
EndProject
Global
	GlobalSection(SolutionConfigurationPlatforms) = preSolution
		Debug|Any CPU = Debug|Any CPU
		Debug|x64 = Debug|x64
		Debug|x86 = Debug|x86
		Release|Any CPU = Release|Any CPU
		Release|x64 = Release|x64
		Release|x86 = Release|x86
	EndGlobalSection
	GlobalSection(ProjectConfigurationPlatforms) = postSolution
		{25F52B32-4B11-428B-8191-0539280AE99F}.Debug|Any CPU.ActiveCfg = Debug|Any CPU
		{25F52B32-4B11-428B-8191-0539280AE99F}.Debug|Any CPU.Build.0 = Debug|Any CPU
		{25F52B32-4B11-428B-8191-0539280AE99F}.Debug|x64.ActiveCfg = Debug|Any CPU
		{25F52B32-4B11-428B-8191-0539280AE99F}.Debug|x64.Build.0 = Debug|Any CPU
		{25F52B32-4B11-428B-8191-0539280AE99F}.Debug|x86.ActiveCfg = Debug|Any CPU
		{25F52B32-4B11-428B-8191-0539280AE99F}.Debug|x86.Build.0 = Debug|Any CPU
		{25F52B32-4B11-428B-8191-0539280AE99F}.Release|Any CPU.ActiveCfg = Release|Any CPU
		{25F52B32-4B11-428B-8191-0539280AE99F}.Release|Any CPU.Build.0 = Release|Any CPU
		{25F52B32-4B11-428B-8191-0539280AE99F}.Release|x64.ActiveCfg = Release|Any CPU
		{25F52B32-4B11-428B-8191-0539280AE99F}.Release|x64.Build.0 = Release|Any CPU
		{25F52B32-4B11-428B-8191-0539280AE99F}.Release|x86.ActiveCfg = Release|Any CPU
		{25F52B32-4B11-428B-8191-0539280AE99F}.Release|x86.Build.0 = Release|Any CPU
		{839CDB41-9FA1-4CA4-B421-7464EAFBA68F}.Debug|Any CPU.ActiveCfg = Debug|Any CPU
		{839CDB41-9FA1-4CA4-B421-7464EAFBA68F}.Debug|Any CPU.Build.0 = Debug|Any CPU
		{839CDB41-9FA1-4CA4-B421-7464EAFBA68F}.Debug|x64.ActiveCfg = Debug|Any CPU
		{839CDB41-9FA1-4CA4-B421-7464EAFBA68F}.Debug|x64.Build.0 = Debug|Any CPU
		{839CDB41-9FA1-4CA4-B421-7464EAFBA68F}.Debug|x86.ActiveCfg = Debug|Any CPU
		{839CDB41-9FA1-4CA4-B421-7464EAFBA68F}.Debug|x86.Build.0 = Debug|Any CPU
		{839CDB41-9FA1-4CA4-B421-7464EAFBA68F}.Release|Any CPU.ActiveCfg = Release|Any CPU
		{839CDB41-9FA1-4CA4-B421-7464EAFBA68F}.Release|Any CPU.Build.0 = Release|Any CPU
		{839CDB41-9FA1-4CA4-B421-7464EAFBA68F}.Release|x64.ActiveCfg = Release|Any CPU
		{839CDB41-9FA1-4CA4-B421-7464EAFBA68F}.Release|x64.Build.0 = Release|Any CPU
		{839CDB41-9FA1-4CA4-B421-7464EAFBA68F}.Release|x86.ActiveCfg = Release|Any CPU
		{839CDB41-9FA1-4CA4-B421-7464EAFBA68F}.Release|x86.Build.0 = Release|Any CPU
		{515AB583-E42F-4CB0-A0C2-DD4064FE6C55}.Debug|Any CPU.ActiveCfg = Debug|Any CPU
		{515AB583-E42F-4CB0-A0C2-DD4064FE6C55}.Debug|Any CPU.Build.0 = Debug|Any CPU
		{515AB583-E42F-4CB0-A0C2-DD4064FE6C55}.Debug|x64.ActiveCfg = Debug|Any CPU
		{515AB583-E42F-4CB0-A0C2-DD4064FE6C55}.Debug|x64.Build.0 = Debug|Any CPU
		{515AB583-E42F-4CB0-A0C2-DD4064FE6C55}.Debug|x86.ActiveCfg = Debug|Any CPU
		{515AB583-E42F-4CB0-A0C2-DD4064FE6C55}.Debug|x86.Build.0 = Debug|Any CPU
		{515AB583-E42F-4CB0-A0C2-DD4064FE6C55}.Release|Any CPU.ActiveCfg = Release|Any CPU
		{515AB583-E42F-4CB0-A0C2-DD4064FE6C55}.Release|Any CPU.Build.0 = Release|Any CPU
		{515AB583-E42F-4CB0-A0C2-DD4064FE6C55}.Release|x64.ActiveCfg = Release|Any CPU
		{515AB583-E42F-4CB0-A0C2-DD4064FE6C55}.Release|x64.Build.0 = Release|Any CPU
		{515AB583-E42F-4CB0-A0C2-DD4064FE6C55}.Release|x86.ActiveCfg = Release|Any CPU
		{515AB583-E42F-4CB0-A0C2-DD4064FE6C55}.Release|x86.Build.0 = Release|Any CPU
		{69A48518-7C10-4523-9B40-A43E329CA24F}.Debug|Any CPU.ActiveCfg = Debug|Any CPU
		{69A48518-7C10-4523-9B40-A43E329CA24F}.Debug|Any CPU.Build.0 = Debug|Any CPU
		{69A48518-7C10-4523-9B40-A43E329CA24F}.Debug|x64.ActiveCfg = Debug|Any CPU
		{69A48518-7C10-4523-9B40-A43E329CA24F}.Debug|x64.Build.0 = Debug|Any CPU
		{69A48518-7C10-4523-9B40-A43E329CA24F}.Debug|x86.ActiveCfg = Debug|Any CPU
		{69A48518-7C10-4523-9B40-A43E329CA24F}.Debug|x86.Build.0 = Debug|Any CPU
		{69A48518-7C10-4523-9B40-A43E329CA24F}.Release|Any CPU.ActiveCfg = Release|Any CPU
		{69A48518-7C10-4523-9B40-A43E329CA24F}.Release|Any CPU.Build.0 = Release|Any CPU
		{69A48518-7C10-4523-9B40-A43E329CA24F}.Release|x64.ActiveCfg = Release|Any CPU
		{69A48518-7C10-4523-9B40-A43E329CA24F}.Release|x64.Build.0 = Release|Any CPU
		{69A48518-7C10-4523-9B40-A43E329CA24F}.Release|x86.ActiveCfg = Release|Any CPU
		{69A48518-7C10-4523-9B40-A43E329CA24F}.Release|x86.Build.0 = Release|Any CPU
		{BD817C57-CF5A-4706-B6C9-F419A366EE61}.Debug|Any CPU.ActiveCfg = Debug|Any CPU
		{BD817C57-CF5A-4706-B6C9-F419A366EE61}.Debug|Any CPU.Build.0 = Debug|Any CPU
		{BD817C57-CF5A-4706-B6C9-F419A366EE61}.Debug|x64.ActiveCfg = Debug|Any CPU
		{BD817C57-CF5A-4706-B6C9-F419A366EE61}.Debug|x64.Build.0 = Debug|Any CPU
		{BD817C57-CF5A-4706-B6C9-F419A366EE61}.Debug|x86.ActiveCfg = Debug|Any CPU
		{BD817C57-CF5A-4706-B6C9-F419A366EE61}.Debug|x86.Build.0 = Debug|Any CPU
		{BD817C57-CF5A-4706-B6C9-F419A366EE61}.Release|Any CPU.ActiveCfg = Release|Any CPU
		{BD817C57-CF5A-4706-B6C9-F419A366EE61}.Release|Any CPU.Build.0 = Release|Any CPU
		{BD817C57-CF5A-4706-B6C9-F419A366EE61}.Release|x64.ActiveCfg = Release|Any CPU
		{BD817C57-CF5A-4706-B6C9-F419A366EE61}.Release|x64.Build.0 = Release|Any CPU
		{BD817C57-CF5A-4706-B6C9-F419A366EE61}.Release|x86.ActiveCfg = Release|Any CPU
		{BD817C57-CF5A-4706-B6C9-F419A366EE61}.Release|x86.Build.0 = Release|Any CPU
		{8CAE3A3B-DEB1-4042-8444-80369FAB20E8}.Debug|Any CPU.ActiveCfg = Debug|Any CPU
		{8CAE3A3B-DEB1-4042-8444-80369FAB20E8}.Debug|Any CPU.Build.0 = Debug|Any CPU
		{8CAE3A3B-DEB1-4042-8444-80369FAB20E8}.Debug|x64.ActiveCfg = Debug|Any CPU
		{8CAE3A3B-DEB1-4042-8444-80369FAB20E8}.Debug|x64.Build.0 = Debug|Any CPU
		{8CAE3A3B-DEB1-4042-8444-80369FAB20E8}.Debug|x86.ActiveCfg = Debug|Any CPU
		{8CAE3A3B-DEB1-4042-8444-80369FAB20E8}.Debug|x86.Build.0 = Debug|Any CPU
		{8CAE3A3B-DEB1-4042-8444-80369FAB20E8}.Release|Any CPU.ActiveCfg = Release|Any CPU
		{8CAE3A3B-DEB1-4042-8444-80369FAB20E8}.Release|Any CPU.Build.0 = Release|Any CPU
		{8CAE3A3B-DEB1-4042-8444-80369FAB20E8}.Release|x64.ActiveCfg = Release|Any CPU
		{8CAE3A3B-DEB1-4042-8444-80369FAB20E8}.Release|x64.Build.0 = Release|Any CPU
		{8CAE3A3B-DEB1-4042-8444-80369FAB20E8}.Release|x86.ActiveCfg = Release|Any CPU
		{8CAE3A3B-DEB1-4042-8444-80369FAB20E8}.Release|x86.Build.0 = Release|Any CPU
		{6ACCAD67-C207-4370-B39A-63651223A21C}.Debug|Any CPU.ActiveCfg = Debug|x64
		{6ACCAD67-C207-4370-B39A-63651223A21C}.Debug|Any CPU.Build.0 = Debug|x64
		{6ACCAD67-C207-4370-B39A-63651223A21C}.Debug|x64.ActiveCfg = Debug|x64
		{6ACCAD67-C207-4370-B39A-63651223A21C}.Debug|x64.Build.0 = Debug|x64
		{6ACCAD67-C207-4370-B39A-63651223A21C}.Debug|x86.ActiveCfg = Debug|Win32
		{6ACCAD67-C207-4370-B39A-63651223A21C}.Debug|x86.Build.0 = Debug|Win32
		{6ACCAD67-C207-4370-B39A-63651223A21C}.Release|Any CPU.ActiveCfg = Release|Win32
		{6ACCAD67-C207-4370-B39A-63651223A21C}.Release|x64.ActiveCfg = Release|x64
		{6ACCAD67-C207-4370-B39A-63651223A21C}.Release|x64.Build.0 = Release|x64
		{6ACCAD67-C207-4370-B39A-63651223A21C}.Release|x86.ActiveCfg = Release|Win32
		{6ACCAD67-C207-4370-B39A-63651223A21C}.Release|x86.Build.0 = Release|Win32
		{DA18B560-4FCD-4C16-9E37-3715EB19C2CE}.Debug|Any CPU.ActiveCfg = Debug|x64
		{DA18B560-4FCD-4C16-9E37-3715EB19C2CE}.Debug|Any CPU.Build.0 = Debug|x64
		{DA18B560-4FCD-4C16-9E37-3715EB19C2CE}.Debug|x64.ActiveCfg = Debug|x64
		{DA18B560-4FCD-4C16-9E37-3715EB19C2CE}.Debug|x64.Build.0 = Debug|x64
		{DA18B560-4FCD-4C16-9E37-3715EB19C2CE}.Debug|x86.ActiveCfg = Debug|Win32
		{DA18B560-4FCD-4C16-9E37-3715EB19C2CE}.Debug|x86.Build.0 = Debug|Win32
		{DA18B560-4FCD-4C16-9E37-3715EB19C2CE}.Release|Any CPU.ActiveCfg = Release|Win32
		{DA18B560-4FCD-4C16-9E37-3715EB19C2CE}.Release|x64.ActiveCfg = Release|x64
		{DA18B560-4FCD-4C16-9E37-3715EB19C2CE}.Release|x64.Build.0 = Release|x64
		{DA18B560-4FCD-4C16-9E37-3715EB19C2CE}.Release|x86.ActiveCfg = Release|Win32
		{DA18B560-4FCD-4C16-9E37-3715EB19C2CE}.Release|x86.Build.0 = Release|Win32
		{45ABCC13-E804-4785-A11E-56F083158AB5}.Debug|Any CPU.ActiveCfg = Debug|Any CPU
		{45ABCC13-E804-4785-A11E-56F083158AB5}.Debug|Any CPU.Build.0 = Debug|Any CPU
		{45ABCC13-E804-4785-A11E-56F083158AB5}.Debug|x64.ActiveCfg = Debug|Any CPU
		{45ABCC13-E804-4785-A11E-56F083158AB5}.Debug|x64.Build.0 = Debug|Any CPU
		{45ABCC13-E804-4785-A11E-56F083158AB5}.Debug|x86.ActiveCfg = Debug|Any CPU
		{45ABCC13-E804-4785-A11E-56F083158AB5}.Debug|x86.Build.0 = Debug|Any CPU
		{45ABCC13-E804-4785-A11E-56F083158AB5}.Release|Any CPU.ActiveCfg = Release|Any CPU
		{45ABCC13-E804-4785-A11E-56F083158AB5}.Release|Any CPU.Build.0 = Release|Any CPU
		{45ABCC13-E804-4785-A11E-56F083158AB5}.Release|x64.ActiveCfg = Release|Any CPU
		{45ABCC13-E804-4785-A11E-56F083158AB5}.Release|x64.Build.0 = Release|Any CPU
		{45ABCC13-E804-4785-A11E-56F083158AB5}.Release|x86.ActiveCfg = Release|Any CPU
		{45ABCC13-E804-4785-A11E-56F083158AB5}.Release|x86.Build.0 = Release|Any CPU
	EndGlobalSection
	GlobalSection(SolutionProperties) = preSolution
		HideSolutionNode = FALSE
	EndGlobalSection
	GlobalSection(ExtensibilityGlobals) = postSolution
		SolutionGuid = {508FF0BD-AA08-44D5-8F8C-3B00FCBE319F}
	EndGlobalSection
EndGlobal
